
Microsoft Visual Studio Solution File, Format Version 12.00
# Visual Studio Version 16
VisualStudioVersion = 16.0.30413.136
MinimumVisualStudioVersion = 10.0.40219.1
Project("{FAE04EC0-301F-11D3-BF4B-00C04F79EFBC}") = "Task2", "Task2\Task2.csproj", "{170A3E98-78F7-4138-9E69-E37C9F516A13}"
EndProject
Project("{FAE04EC0-301F-11D3-BF4B-00C04F79EFBC}") = "Task3", "Task3\Task3.csproj", "{7ED8625B-CECA-4C27-AE6B-728458049922}"
EndProject
Project("{FAE04EC0-301F-11D3-BF4B-00C04F79EFBC}") = "Task4", "Task4\Task4.csproj", "{09C12771-9911-4418-8014-8DD55D2792EF}"
EndProject
Project("{FAE04EC0-301F-11D3-BF4B-00C04F79EFBC}") = "AdditionalTask", "AdditionalTask\AdditionalTask.csproj", "{969CD3A7-0956-42F0-965F-770ABEA11376}"
EndProject
Global
	GlobalSection(SolutionConfigurationPlatforms) = preSolution
		Debug|Any CPU = Debug|Any CPU
		Release|Any CPU = Release|Any CPU
	EndGlobalSection
	GlobalSection(ProjectConfigurationPlatforms) = postSolution
		{170A3E98-78F7-4138-9E69-E37C9F516A13}.Debug|Any CPU.ActiveCfg = Debug|Any CPU
		{170A3E98-78F7-4138-9E69-E37C9F516A13}.Debug|Any CPU.Build.0 = Debug|Any CPU
		{170A3E98-78F7-4138-9E69-E37C9F516A13}.Release|Any CPU.ActiveCfg = Release|Any CPU
		{170A3E98-78F7-4138-9E69-E37C9F516A13}.Release|Any CPU.Build.0 = Release|Any CPU
		{7ED8625B-CECA-4C27-AE6B-728458049922}.Debug|Any CPU.ActiveCfg = Debug|Any CPU
		{7ED8625B-CECA-4C27-AE6B-728458049922}.Debug|Any CPU.Build.0 = Debug|Any CPU
		{7ED8625B-CECA-4C27-AE6B-728458049922}.Release|Any CPU.ActiveCfg = Release|Any CPU
		{7ED8625B-CECA-4C27-AE6B-728458049922}.Release|Any CPU.Build.0 = Release|Any CPU
		{09C12771-9911-4418-8014-8DD55D2792EF}.Debug|Any CPU.ActiveCfg = Debug|Any CPU
		{09C12771-9911-4418-8014-8DD55D2792EF}.Debug|Any CPU.Build.0 = Debug|Any CPU
		{09C12771-9911-4418-8014-8DD55D2792EF}.Release|Any CPU.ActiveCfg = Release|Any CPU
		{09C12771-9911-4418-8014-8DD55D2792EF}.Release|Any CPU.Build.0 = Release|Any CPU
		{969CD3A7-0956-42F0-965F-770ABEA11376}.Debug|Any CPU.ActiveCfg = Debug|Any CPU
		{969CD3A7-0956-42F0-965F-770ABEA11376}.Debug|Any CPU.Build.0 = Debug|Any CPU
		{969CD3A7-0956-42F0-965F-770ABEA11376}.Release|Any CPU.ActiveCfg = Release|Any CPU
		{969CD3A7-0956-42F0-965F-770ABEA11376}.Release|Any CPU.Build.0 = Release|Any CPU
	EndGlobalSection
	GlobalSection(SolutionProperties) = preSolution
		HideSolutionNode = FALSE
	EndGlobalSection
	GlobalSection(ExtensibilityGlobals) = postSolution
		SolutionGuid = {E2F24DD4-D26B-4ADE-B4C6-4A0F731264BB}
	EndGlobalSection
EndGlobal
