
Microsoft Visual Studio Solution File, Format Version 12.00
# Visual Studio Version 16
VisualStudioVersion = 16.0.30413.136
MinimumVisualStudioVersion = 10.0.40219.1
Project("{FAE04EC0-301F-11D3-BF4B-00C04F79EFBC}") = "Task2", "Task2\Task2.csproj", "{0C27546B-9D8B-4682-89F4-557E7C4430B3}"
EndProject
Project("{FAE04EC0-301F-11D3-BF4B-00C04F79EFBC}") = "Task3", "Task3\Task3.csproj", "{99D08D90-FF81-42D1-AC54-D7AACF6E3A65}"
EndProject
Project("{FAE04EC0-301F-11D3-BF4B-00C04F79EFBC}") = "Task4", "Task4\Task4.csproj", "{5AC13ABD-BE6F-4291-AA70-67365BBF61EF}"
EndProject
Project("{FAE04EC0-301F-11D3-BF4B-00C04F79EFBC}") = "AdditionalTask", "AdditionalTask\AdditionalTask.csproj", "{260B3FDE-C43E-448B-ABD9-A56385B666E9}"
EndProject
Global
	GlobalSection(SolutionConfigurationPlatforms) = preSolution
		Debug|Any CPU = Debug|Any CPU
		Release|Any CPU = Release|Any CPU
	EndGlobalSection
	GlobalSection(ProjectConfigurationPlatforms) = postSolution
		{0C27546B-9D8B-4682-89F4-557E7C4430B3}.Debug|Any CPU.ActiveCfg = Debug|Any CPU
		{0C27546B-9D8B-4682-89F4-557E7C4430B3}.Debug|Any CPU.Build.0 = Debug|Any CPU
		{0C27546B-9D8B-4682-89F4-557E7C4430B3}.Release|Any CPU.ActiveCfg = Release|Any CPU
		{0C27546B-9D8B-4682-89F4-557E7C4430B3}.Release|Any CPU.Build.0 = Release|Any CPU
		{99D08D90-FF81-42D1-AC54-D7AACF6E3A65}.Debug|Any CPU.ActiveCfg = Debug|Any CPU
		{99D08D90-FF81-42D1-AC54-D7AACF6E3A65}.Debug|Any CPU.Build.0 = Debug|Any CPU
		{99D08D90-FF81-42D1-AC54-D7AACF6E3A65}.Release|Any CPU.ActiveCfg = Release|Any CPU
		{99D08D90-FF81-42D1-AC54-D7AACF6E3A65}.Release|Any CPU.Build.0 = Release|Any CPU
		{5AC13ABD-BE6F-4291-AA70-67365BBF61EF}.Debug|Any CPU.ActiveCfg = Debug|Any CPU
		{5AC13ABD-BE6F-4291-AA70-67365BBF61EF}.Debug|Any CPU.Build.0 = Debug|Any CPU
		{5AC13ABD-BE6F-4291-AA70-67365BBF61EF}.Release|Any CPU.ActiveCfg = Release|Any CPU
		{5AC13ABD-BE6F-4291-AA70-67365BBF61EF}.Release|Any CPU.Build.0 = Release|Any CPU
		{260B3FDE-C43E-448B-ABD9-A56385B666E9}.Debug|Any CPU.ActiveCfg = Debug|Any CPU
		{260B3FDE-C43E-448B-ABD9-A56385B666E9}.Debug|Any CPU.Build.0 = Debug|Any CPU
		{260B3FDE-C43E-448B-ABD9-A56385B666E9}.Release|Any CPU.ActiveCfg = Release|Any CPU
		{260B3FDE-C43E-448B-ABD9-A56385B666E9}.Release|Any CPU.Build.0 = Release|Any CPU
	EndGlobalSection
	GlobalSection(SolutionProperties) = preSolution
		HideSolutionNode = FALSE
	EndGlobalSection
	GlobalSection(ExtensibilityGlobals) = postSolution
		SolutionGuid = {3F9D13DC-2C75-4FE6-B47A-CF82B366CEB6}
	EndGlobalSection
EndGlobal
