
Microsoft Visual Studio Solution File, Format Version 12.00
# Visual Studio Version 16
VisualStudioVersion = 16.0.30413.136
MinimumVisualStudioVersion = 10.0.40219.1
Project("{FAE04EC0-301F-11D3-BF4B-00C04F79EFBC}") = "Task2", "Task2\Task2.csproj", "{4FD8985B-0E64-4923-94CC-BE09E66D3317}"
EndProject
Project("{FAE04EC0-301F-11D3-BF4B-00C04F79EFBC}") = "Task3", "Task3\Task3.csproj", "{FD3AC756-2F4B-4533-9E48-2063B03D4062}"
EndProject
Global
	GlobalSection(SolutionConfigurationPlatforms) = preSolution
		Debug|Any CPU = Debug|Any CPU
		Release|Any CPU = Release|Any CPU
	EndGlobalSection
	GlobalSection(ProjectConfigurationPlatforms) = postSolution
		{4FD8985B-0E64-4923-94CC-BE09E66D3317}.Debug|Any CPU.ActiveCfg = Debug|Any CPU
		{4FD8985B-0E64-4923-94CC-BE09E66D3317}.Debug|Any CPU.Build.0 = Debug|Any CPU
		{4FD8985B-0E64-4923-94CC-BE09E66D3317}.Release|Any CPU.ActiveCfg = Release|Any CPU
		{4FD8985B-0E64-4923-94CC-BE09E66D3317}.Release|Any CPU.Build.0 = Release|Any CPU
		{FD3AC756-2F4B-4533-9E48-2063B03D4062}.Debug|Any CPU.ActiveCfg = Debug|Any CPU
		{FD3AC756-2F4B-4533-9E48-2063B03D4062}.Debug|Any CPU.Build.0 = Debug|Any CPU
		{FD3AC756-2F4B-4533-9E48-2063B03D4062}.Release|Any CPU.ActiveCfg = Release|Any CPU
		{FD3AC756-2F4B-4533-9E48-2063B03D4062}.Release|Any CPU.Build.0 = Release|Any CPU
	EndGlobalSection
	GlobalSection(SolutionProperties) = preSolution
		HideSolutionNode = FALSE
	EndGlobalSection
	GlobalSection(ExtensibilityGlobals) = postSolution
		SolutionGuid = {F01AA376-F31A-497C-B421-1EC6CBCD3B9F}
	EndGlobalSection
EndGlobal
