
Microsoft Visual Studio Solution File, Format Version 12.00
# Visual Studio Version 16
VisualStudioVersion = 16.0.30413.136
MinimumVisualStudioVersion = 10.0.40219.1
Project("{FAE04EC0-301F-11D3-BF4B-00C04F79EFBC}") = "Task2", "Task2\Task2.csproj", "{5BD037FD-2A69-4AA0-9DAE-112299486394}"
EndProject
Project("{FAE04EC0-301F-11D3-BF4B-00C04F79EFBC}") = "Task3", "Task3\Task3.csproj", "{0928DCF5-4BA8-4156-B65A-D1724D89C17F}"
EndProject
Project("{FAE04EC0-301F-11D3-BF4B-00C04F79EFBC}") = "Task4", "Task4\Task4.csproj", "{9C196801-57BD-4D95-9F70-94065A121680}"
EndProject
Global
	GlobalSection(SolutionConfigurationPlatforms) = preSolution
		Debug|Any CPU = Debug|Any CPU
		Release|Any CPU = Release|Any CPU
	EndGlobalSection
	GlobalSection(ProjectConfigurationPlatforms) = postSolution
		{5BD037FD-2A69-4AA0-9DAE-112299486394}.Debug|Any CPU.ActiveCfg = Debug|Any CPU
		{5BD037FD-2A69-4AA0-9DAE-112299486394}.Debug|Any CPU.Build.0 = Debug|Any CPU
		{5BD037FD-2A69-4AA0-9DAE-112299486394}.Release|Any CPU.ActiveCfg = Release|Any CPU
		{5BD037FD-2A69-4AA0-9DAE-112299486394}.Release|Any CPU.Build.0 = Release|Any CPU
		{0928DCF5-4BA8-4156-B65A-D1724D89C17F}.Debug|Any CPU.ActiveCfg = Debug|Any CPU
		{0928DCF5-4BA8-4156-B65A-D1724D89C17F}.Debug|Any CPU.Build.0 = Debug|Any CPU
		{0928DCF5-4BA8-4156-B65A-D1724D89C17F}.Release|Any CPU.ActiveCfg = Release|Any CPU
		{0928DCF5-4BA8-4156-B65A-D1724D89C17F}.Release|Any CPU.Build.0 = Release|Any CPU
		{9C196801-57BD-4D95-9F70-94065A121680}.Debug|Any CPU.ActiveCfg = Debug|Any CPU
		{9C196801-57BD-4D95-9F70-94065A121680}.Debug|Any CPU.Build.0 = Debug|Any CPU
		{9C196801-57BD-4D95-9F70-94065A121680}.Release|Any CPU.ActiveCfg = Release|Any CPU
		{9C196801-57BD-4D95-9F70-94065A121680}.Release|Any CPU.Build.0 = Release|Any CPU
	EndGlobalSection
	GlobalSection(SolutionProperties) = preSolution
		HideSolutionNode = FALSE
	EndGlobalSection
	GlobalSection(ExtensibilityGlobals) = postSolution
		SolutionGuid = {C29B73C2-0CFD-4ED3-BAC5-ED82DD79B87D}
	EndGlobalSection
EndGlobal
