
Microsoft Visual Studio Solution File, Format Version 12.00
# Visual Studio Version 16
VisualStudioVersion = 16.0.30413.136
MinimumVisualStudioVersion = 10.0.40219.1
Project("{FAE04EC0-301F-11D3-BF4B-00C04F79EFBC}") = "Task2", "Task2\Task2.csproj", "{69BB0069-80EA-45A4-A121-0C9D871BB12A}"
EndProject
Project("{FAE04EC0-301F-11D3-BF4B-00C04F79EFBC}") = "Task3", "Task3\Task3.csproj", "{543239D4-E14E-4E76-8B76-2976B7DD6F77}"
EndProject
Project("{FAE04EC0-301F-11D3-BF4B-00C04F79EFBC}") = "Task4", "Task4\Task4.csproj", "{F8420386-D0EE-40B7-A302-130B9BF495F6}"
EndProject
Global
	GlobalSection(SolutionConfigurationPlatforms) = preSolution
		Debug|Any CPU = Debug|Any CPU
		Release|Any CPU = Release|Any CPU
	EndGlobalSection
	GlobalSection(ProjectConfigurationPlatforms) = postSolution
		{69BB0069-80EA-45A4-A121-0C9D871BB12A}.Debug|Any CPU.ActiveCfg = Debug|Any CPU
		{69BB0069-80EA-45A4-A121-0C9D871BB12A}.Debug|Any CPU.Build.0 = Debug|Any CPU
		{69BB0069-80EA-45A4-A121-0C9D871BB12A}.Release|Any CPU.ActiveCfg = Release|Any CPU
		{69BB0069-80EA-45A4-A121-0C9D871BB12A}.Release|Any CPU.Build.0 = Release|Any CPU
		{543239D4-E14E-4E76-8B76-2976B7DD6F77}.Debug|Any CPU.ActiveCfg = Debug|Any CPU
		{543239D4-E14E-4E76-8B76-2976B7DD6F77}.Debug|Any CPU.Build.0 = Debug|Any CPU
		{543239D4-E14E-4E76-8B76-2976B7DD6F77}.Release|Any CPU.ActiveCfg = Release|Any CPU
		{543239D4-E14E-4E76-8B76-2976B7DD6F77}.Release|Any CPU.Build.0 = Release|Any CPU
		{F8420386-D0EE-40B7-A302-130B9BF495F6}.Debug|Any CPU.ActiveCfg = Debug|Any CPU
		{F8420386-D0EE-40B7-A302-130B9BF495F6}.Debug|Any CPU.Build.0 = Debug|Any CPU
		{F8420386-D0EE-40B7-A302-130B9BF495F6}.Release|Any CPU.ActiveCfg = Release|Any CPU
		{F8420386-D0EE-40B7-A302-130B9BF495F6}.Release|Any CPU.Build.0 = Release|Any CPU
	EndGlobalSection
	GlobalSection(SolutionProperties) = preSolution
		HideSolutionNode = FALSE
	EndGlobalSection
	GlobalSection(ExtensibilityGlobals) = postSolution
		SolutionGuid = {9D6891D5-B3F6-4971-AD4B-35DC68CF2D2A}
	EndGlobalSection
EndGlobal
